
Microsoft Visual Studio Solution File, Format Version 12.00
# Visual Studio 14
VisualStudioVersion = 14.0.25420.1
MinimumVisualStudioVersion = 10.0.40219.1
Project("{FAE04EC0-301F-11D3-BF4B-00C04F79EFBC}") = "Direct2dDemo", "Direct2dDemo\Direct2dDemo.csproj", "{C372991C-02B4-4408-9943-CF37EA818509}"
EndProject
Project("{FAE04EC0-301F-11D3-BF4B-00C04F79EFBC}") = "Curve", "Curve\Curve.csproj", "{C28EFB61-0747-45AB-837E-43FFF9CB7021}"
EndProject
Project("{FAE04EC0-301F-11D3-BF4B-00C04F79EFBC}") = "CurveModelLib", "CurveModelLib\CurveModelLib.csproj", "{17E1DF70-0CD5-4D20-B21A-978C1E3EE558}"
EndProject
Global
	GlobalSection(SolutionConfigurationPlatforms) = preSolution
		Debug|Any CPU = Debug|Any CPU
		Debug|x64 = Debug|x64
		Debug|x86 = Debug|x86
		Release|Any CPU = Release|Any CPU
		Release|x64 = Release|x64
		Release|x86 = Release|x86
	EndGlobalSection
	GlobalSection(ProjectConfigurationPlatforms) = postSolution
		{C372991C-02B4-4408-9943-CF37EA818509}.Debug|Any CPU.ActiveCfg = Debug|Any CPU
		{C372991C-02B4-4408-9943-CF37EA818509}.Debug|Any CPU.Build.0 = Debug|Any CPU
		{C372991C-02B4-4408-9943-CF37EA818509}.Debug|x64.ActiveCfg = Debug|x64
		{C372991C-02B4-4408-9943-CF37EA818509}.Debug|x64.Build.0 = Debug|x64
		{C372991C-02B4-4408-9943-CF37EA818509}.Debug|x86.ActiveCfg = Debug|x86
		{C372991C-02B4-4408-9943-CF37EA818509}.Debug|x86.Build.0 = Debug|x86
		{C372991C-02B4-4408-9943-CF37EA818509}.Release|Any CPU.ActiveCfg = Release|Any CPU
		{C372991C-02B4-4408-9943-CF37EA818509}.Release|Any CPU.Build.0 = Release|Any CPU
		{C372991C-02B4-4408-9943-CF37EA818509}.Release|x64.ActiveCfg = Release|x64
		{C372991C-02B4-4408-9943-CF37EA818509}.Release|x64.Build.0 = Release|x64
		{C372991C-02B4-4408-9943-CF37EA818509}.Release|x86.ActiveCfg = Release|x86
		{C372991C-02B4-4408-9943-CF37EA818509}.Release|x86.Build.0 = Release|x86
		{C28EFB61-0747-45AB-837E-43FFF9CB7021}.Debug|Any CPU.ActiveCfg = Debug|Any CPU
		{C28EFB61-0747-45AB-837E-43FFF9CB7021}.Debug|Any CPU.Build.0 = Debug|Any CPU
		{C28EFB61-0747-45AB-837E-43FFF9CB7021}.Debug|x64.ActiveCfg = Debug|Any CPU
		{C28EFB61-0747-45AB-837E-43FFF9CB7021}.Debug|x64.Build.0 = Debug|Any CPU
		{C28EFB61-0747-45AB-837E-43FFF9CB7021}.Debug|x86.ActiveCfg = Debug|Any CPU
		{C28EFB61-0747-45AB-837E-43FFF9CB7021}.Debug|x86.Build.0 = Debug|Any CPU
		{C28EFB61-0747-45AB-837E-43FFF9CB7021}.Release|Any CPU.ActiveCfg = Release|Any CPU
		{C28EFB61-0747-45AB-837E-43FFF9CB7021}.Release|Any CPU.Build.0 = Release|Any CPU
		{C28EFB61-0747-45AB-837E-43FFF9CB7021}.Release|x64.ActiveCfg = Release|Any CPU
		{C28EFB61-0747-45AB-837E-43FFF9CB7021}.Release|x64.Build.0 = Release|Any CPU
		{C28EFB61-0747-45AB-837E-43FFF9CB7021}.Release|x86.ActiveCfg = Release|Any CPU
		{C28EFB61-0747-45AB-837E-43FFF9CB7021}.Release|x86.Build.0 = Release|Any CPU
		{17E1DF70-0CD5-4D20-B21A-978C1E3EE558}.Debug|Any CPU.ActiveCfg = Debug|Any CPU
		{17E1DF70-0CD5-4D20-B21A-978C1E3EE558}.Debug|Any CPU.Build.0 = Debug|Any CPU
		{17E1DF70-0CD5-4D20-B21A-978C1E3EE558}.Debug|x64.ActiveCfg = Debug|Any CPU
		{17E1DF70-0CD5-4D20-B21A-978C1E3EE558}.Debug|x64.Build.0 = Debug|Any CPU
		{17E1DF70-0CD5-4D20-B21A-978C1E3EE558}.Debug|x86.ActiveCfg = Debug|Any CPU
		{17E1DF70-0CD5-4D20-B21A-978C1E3EE558}.Debug|x86.Build.0 = Debug|Any CPU
		{17E1DF70-0CD5-4D20-B21A-978C1E3EE558}.Release|Any CPU.ActiveCfg = Release|Any CPU
		{17E1DF70-0CD5-4D20-B21A-978C1E3EE558}.Release|Any CPU.Build.0 = Release|Any CPU
		{17E1DF70-0CD5-4D20-B21A-978C1E3EE558}.Release|x64.ActiveCfg = Release|Any CPU
		{17E1DF70-0CD5-4D20-B21A-978C1E3EE558}.Release|x64.Build.0 = Release|Any CPU
		{17E1DF70-0CD5-4D20-B21A-978C1E3EE558}.Release|x86.ActiveCfg = Release|Any CPU
		{17E1DF70-0CD5-4D20-B21A-978C1E3EE558}.Release|x86.Build.0 = Release|Any CPU
	EndGlobalSection
	GlobalSection(SolutionProperties) = preSolution
		HideSolutionNode = FALSE
	EndGlobalSection
EndGlobal
